// !$*UTF8*$!
{
	archiveVersion = 1;
	classes = {
	};
	objectVersion = 50;
	objects = {

/* Begin PBXBuildFile section */
		8FA42FDE24C355DF004B5C43 /* NSMutableArray+CreateArrayWithNumberOfObjectsAndValue.m in Sources */ = {isa = PBXBuildFile; fileRef = 8FA42FDD24C355DF004B5C43 /* NSMutableArray+CreateArrayWithNumberOfObjectsAndValue.m */; };
		8FF09F1224C315D9000F2245 /* main.m in Sources */ = {isa = PBXBuildFile; fileRef = 8FF09F1124C315D9000F2245 /* main.m */; };
		8FF09F1D24C329E8000F2245 /* BenchTimer.m in Sources */ = {isa = PBXBuildFile; fileRef = 8FF09F1C24C329E8000F2245 /* BenchTimer.m */; };
/* End PBXBuildFile section */

/* Begin PBXCopyFilesBuildPhase section */
		8FF09F0C24C315D9000F2245 /* CopyFiles */ = {
			isa = PBXCopyFilesBuildPhase;
			buildActionMask = 2147483647;
			dstPath = /usr/share/man/man1/;
			dstSubfolderSpec = 0;
			files = (
			);
			runOnlyForDeploymentPostprocessing = 1;
		};
/* End PBXCopyFilesBuildPhase section */

/* Begin PBXFileReference section */
		8FA42FDC24C355DF004B5C43 /* NSMutableArray+CreateArrayWithNumberOfObjectsAndValue.h */ = {isa = PBXFileReference; lastKnownFileType = sourcecode.c.h; path = "NSMutableArray+CreateArrayWithNumberOfObjectsAndValue.h"; sourceTree = "<group>"; };
		8FA42FDD24C355DF004B5C43 /* NSMutableArray+CreateArrayWithNumberOfObjectsAndValue.m */ = {isa = PBXFileReference; lastKnownFileType = sourcecode.c.objc; path = "NSMutableArray+CreateArrayWithNumberOfObjectsAndValue.m"; sourceTree = "<group>"; };
		8FF09F0E24C315D9000F2245 /* startsWithZero */ = {isa = PBXFileReference; explicitFileType = "compiled.mach-o.executable"; includeInIndex = 0; path = startsWithZero; sourceTree = BUILT_PRODUCTS_DIR; };
		8FF09F1124C315D9000F2245 /* main.m */ = {isa = PBXFileReference; lastKnownFileType = sourcecode.c.objc; path = main.m; sourceTree = "<group>"; };
		8FF09F1B24C329E8000F2245 /* BenchTimer.h */ = {isa = PBXFileReference; fileEncoding = 4; lastKnownFileType = sourcecode.c.h; path = BenchTimer.h; sourceTree = "<group>"; };
		8FF09F1C24C329E8000F2245 /* BenchTimer.m */ = {isa = PBXFileReference; fileEncoding = 4; lastKnownFileType = sourcecode.c.objc; path = BenchTimer.m; sourceTree = "<group>"; };
/* End PBXFileReference section */

/* Begin PBXFrameworksBuildPhase section */
		8FF09F0B24C315D9000F2245 /* Frameworks */ = {
			isa = PBXFrameworksBuildPhase;
			buildActionMask = 2147483647;
			files = (
			);
			runOnlyForDeploymentPostprocessing = 0;
		};
/* End PBXFrameworksBuildPhase section */

/* Begin PBXGroup section */
		8FF09F0524C315D9000F2245 = {
			isa = PBXGroup;
			children = (
				8FF09F1024C315D9000F2245 /* startsWithZero */,
				8FF09F0F24C315D9000F2245 /* Products */,
			);
			sourceTree = "<group>";
		};
		8FF09F0F24C315D9000F2245 /* Products */ = {
			isa = PBXGroup;
			children = (
				8FF09F0E24C315D9000F2245 /* startsWithZero */,
			);
			name = Products;
			sourceTree = "<group>";
		};
		8FF09F1024C315D9000F2245 /* startsWithZero */ = {
			isa = PBXGroup;
			children = (
				8FF09F1124C315D9000F2245 /* main.m */,
				8FA42FDC24C355DF004B5C43 /* NSMutableArray+CreateArrayWithNumberOfObjectsAndValue.h */,
				8FA42FDD24C355DF004B5C43 /* NSMutableArray+CreateArrayWithNumberOfObjectsAndValue.m */,
				8FF09F1B24C329E8000F2245 /* BenchTimer.h */,
				8FF09F1C24C329E8000F2245 /* BenchTimer.m */,
			);
			path = startsWithZero;
			sourceTree = "<group>";
		};
/* End PBXGroup section */

/* Begin PBXNativeTarget section */
		8FF09F0D24C315D9000F2245 /* startsWithZero */ = {
			isa = PBXNativeTarget;
			buildConfigurationList = 8FF09F1524C315D9000F2245 /* Build configuration list for PBXNativeTarget "startsWithZero" */;
			buildPhases = (
				8FF09F0A24C315D9000F2245 /* Sources */,
				8FF09F0B24C315D9000F2245 /* Frameworks */,
				8FF09F0C24C315D9000F2245 /* CopyFiles */,
			);
			buildRules = (
			);
			dependencies = (
			);
			name = startsWithZero;
			productName = startsWithZero;
			productReference = 8FF09F0E24C315D9000F2245 /* startsWithZero */;
			productType = "com.apple.product-type.tool";
		};
/* End PBXNativeTarget section */

/* Begin PBXProject section */
		8FF09F0624C315D9000F2245 /* Project object */ = {
			isa = PBXProject;
			attributes = {
				LastUpgradeCheck = 1150;
				ORGANIZATIONNAME = "Carlos Santiago Cruz";
				TargetAttributes = {
					8FF09F0D24C315D9000F2245 = {
						CreatedOnToolsVersion = 11.5;
					};
				};
			};
			buildConfigurationList = 8FF09F0924C315D9000F2245 /* Build configuration list for PBXProject "startsWithZero" */;
			compatibilityVersion = "Xcode 9.3";
			developmentRegion = en;
			hasScannedForEncodings = 0;
			knownRegions = (
				en,
				Base,
			);
			mainGroup = 8FF09F0524C315D9000F2245;
			productRefGroup = 8FF09F0F24C315D9000F2245 /* Products */;
			projectDirPath = "";
			projectRoot = "";
			targets = (
				8FF09F0D24C315D9000F2245 /* startsWithZero */,
			);
		};
/* End PBXProject section */

/* Begin PBXSourcesBuildPhase section */
		8FF09F0A24C315D9000F2245 /* Sources */ = {
			isa = PBXSourcesBuildPhase;
			buildActionMask = 2147483647;
			files = (
				8FA42FDE24C355DF004B5C43 /* NSMutableArray+CreateArrayWithNumberOfObjectsAndValue.m in Sources */,
				8FF09F1D24C329E8000F2245 /* BenchTimer.m in Sources */,
				8FF09F1224C315D9000F2245 /* main.m in Sources */,
			);
			runOnlyForDeploymentPostprocessing = 0;
		};
/* End PBXSourcesBuildPhase section */

/* Begin XCBuildConfiguration section */
		8FF09F1324C315D9000F2245 /* Debug */ = {
			isa = XCBuildConfiguration;
			buildSettings = {
				ALWAYS_SEARCH_USER_PATHS = NO;
				CLANG_ANALYZER_NONNULL = YES;
				CLANG_ANALYZER_NUMBER_OBJECT_CONVERSION = YES_AGGRESSIVE;
				CLANG_CXX_LANGUAGE_STANDARD = "gnu++14";
				CLANG_CXX_LIBRARY = "libc++";
				CLANG_ENABLE_MODULES = YES;
				CLANG_ENABLE_OBJC_ARC = YES;
				CLANG_ENABLE_OBJC_WEAK = YES;
				CLANG_WARN_BLOCK_CAPTURE_AUTORELEASING = YES;
				CLANG_WARN_BOOL_CONVERSION = YES;
				CLANG_WARN_COMMA = YES;
				CLANG_WARN_CONSTANT_CONVERSION = YES;
				CLANG_WARN_DEPRECATED_OBJC_IMPLEMENTATIONS = YES;
				CLANG_WARN_DIRECT_OBJC_ISA_USAGE = YES_ERROR;
				CLANG_WARN_DOCUMENTATION_COMMENTS = YES;
				CLANG_WARN_EMPTY_BODY = YES;
				CLANG_WARN_ENUM_CONVERSION = YES;
				CLANG_WARN_INFINITE_RECURSION = YES;
				CLANG_WARN_INT_CONVERSION = YES;
				CLANG_WARN_NON_LITERAL_NULL_CONVERSION = YES;
				CLANG_WARN_OBJC_IMPLICIT_RETAIN_SELF = YES;
				CLANG_WARN_OBJC_LITERAL_CONVERSION = YES;
				CLANG_WARN_OBJC_ROOT_CLASS = YES_ERROR;
				CLANG_WARN_RANGE_LOOP_ANALYSIS = YES;
				CLANG_WARN_STRICT_PROTOTYPES = YES;
				CLANG_WARN_SUSPICIOUS_MOVE = YES;
				CLANG_WARN_UNGUARDED_AVAILABILITY = YES_AGGRESSIVE;
				CLANG_WARN_UNREACHABLE_CODE = YES;
				CLANG_WARN__DUPLICATE_METHOD_MATCH = YES;
				COPY_PHASE_STRIP = NO;
				DEBUG_INFORMATION_FORMAT = dwarf;
				ENABLE_STRICT_OBJC_MSGSEND = YES;
				ENABLE_TESTABILITY = YES;
				GCC_C_LANGUAGE_STANDARD = "compiler-default";
				GCC_DYNAMIC_NO_PIC = NO;
				GCC_NO_COMMON_BLOCKS = YES;
				GCC_OPTIMIZATION_LEVEL = 0;
				GCC_PREPROCESSOR_DEFINITIONS = (
					"DEBUG=1",
					"$(inherited)",
				);
				GCC_WARN_64_TO_32_BIT_CONVERSION = YES;
				GCC_WARN_ABOUT_RETURN_TYPE = YES_ERROR;
				GCC_WARN_UNDECLARED_SELECTOR = YES;
				GCC_WARN_UNINITIALIZED_AUTOS = YES_AGGRESSIVE;
				GCC_WARN_UNUSED_FUNCTION = YES;
				GCC_WARN_UNUSED_VARIABLE = YES;
				MACOSX_DEPLOYMENT_TARGET = 10.15;
				MTL_ENABLE_DEBUG_INFO = INCLUDE_SOURCE;
				MTL_FAST_MATH = YES;
				ONLY_ACTIVE_ARCH = YES;
				SDKROOT = macosx;
			};
			name = Debug;
		};
		8FF09F1424C315D9000F2245 /* Release */ = {
			isa = XCBuildConfiguration;
			buildSettings = {
				ALWAYS_SEARCH_USER_PATHS = NO;
				CLANG_ANALYZER_NONNULL = YES;
				CLANG_ANALYZER_NUMBER_OBJECT_CONVERSION = YES_AGGRESSIVE;
				CLANG_CXX_LANGUAGE_STANDARD = "gnu++14";
				CLANG_CXX_LIBRARY = "libc++";
				CLANG_ENABLE_MODULES = YES;
				CLANG_ENABLE_OBJC_ARC = YES;
				CLANG_ENABLE_OBJC_WEAK = YES;
				CLANG_WARN_BLOCK_CAPTURE_AUTORELEASING = YES;
				CLANG_WARN_BOOL_CONVERSION = YES;
				CLANG_WARN_COMMA = YES;
				CLANG_WARN_CONSTANT_CONVERSION = YES;
				CLANG_WARN_DEPRECATED_OBJC_IMPLEMENTATIONS = YES;
				CLANG_WARN_DIRECT_OBJC_ISA_USAGE = YES_ERROR;
				CLANG_WARN_DOCUMENTATION_COMMENTS = YES;
				CLANG_WARN_EMPTY_BODY = YES;
				CLANG_WARN_ENUM_CONVERSION = YES;
				CLANG_WARN_INFINITE_RECURSION = YES;
				CLANG_WARN_INT_CONVERSION = YES;
				CLANG_WARN_NON_LITERAL_NULL_CONVERSION = YES;
				CLANG_WARN_OBJC_IMPLICIT_RETAIN_SELF = YES;
				CLANG_WARN_OBJC_LITERAL_CONVERSION = YES;
				CLANG_WARN_OBJC_ROOT_CLASS = YES_ERROR;
				CLANG_WARN_RANGE_LOOP_ANALYSIS = YES;
				CLANG_WARN_STRICT_PROTOTYPES = YES;
				CLANG_WARN_SUSPICIOUS_MOVE = YES;
				CLANG_WARN_UNGUARDED_AVAILABILITY = YES_AGGRESSIVE;
				CLANG_WARN_UNREACHABLE_CODE = YES;
				CLANG_WARN__DUPLICATE_METHOD_MATCH = YES;
				COPY_PHASE_STRIP = NO;
				DEBUG_INFORMATION_FORMAT = "dwarf-with-dsym";
				ENABLE_NS_ASSERTIONS = NO;
				ENABLE_STRICT_OBJC_MSGSEND = YES;
				GCC_C_LANGUAGE_STANDARD = "compiler-default";
				GCC_NO_COMMON_BLOCKS = YES;
				GCC_WARN_64_TO_32_BIT_CONVERSION = YES;
				GCC_WARN_ABOUT_RETURN_TYPE = YES_ERROR;
				GCC_WARN_UNDECLARED_SELECTOR = YES;
				GCC_WARN_UNINITIALIZED_AUTOS = YES_AGGRESSIVE;
				GCC_WARN_UNUSED_FUNCTION = YES;
				GCC_WARN_UNUSED_VARIABLE = YES;
				MACOSX_DEPLOYMENT_TARGET = 10.15;
				MTL_ENABLE_DEBUG_INFO = NO;
				MTL_FAST_MATH = YES;
				SDKROOT = macosx;
			};
			name = Release;
		};
		8FF09F1624C315D9000F2245 /* Debug */ = {
			isa = XCBuildConfiguration;
			buildSettings = {
				CODE_SIGN_STYLE = Automatic;
				DEVELOPMENT_TEAM = KLD58K8YP9;
				ENABLE_HARDENED_RUNTIME = YES;
				PRODUCT_NAME = "$(TARGET_NAME)";
			};
			name = Debug;
		};
		8FF09F1724C315D9000F2245 /* Release */ = {
			isa = XCBuildConfiguration;
			buildSettings = {
				CODE_SIGN_STYLE = Automatic;
				DEVELOPMENT_TEAM = KLD58K8YP9;
				ENABLE_HARDENED_RUNTIME = YES;
				PRODUCT_NAME = "$(TARGET_NAME)";
			};
			name = Release;
		};
/* End XCBuildConfiguration section */

/* Begin XCConfigurationList section */
		8FF09F0924C315D9000F2245 /* Build configuration list for PBXProject "startsWithZero" */ = {
			isa = XCConfigurationList;
			buildConfigurations = (
				8FF09F1324C315D9000F2245 /* Debug */,
				8FF09F1424C315D9000F2245 /* Release */,
			);
			defaultConfigurationIsVisible = 0;
			defaultConfigurationName = Release;
		};
		8FF09F1524C315D9000F2245 /* Build configuration list for PBXNativeTarget "startsWithZero" */ = {
			isa = XCConfigurationList;
			buildConfigurations = (
				8FF09F1624C315D9000F2245 /* Debug */,
				8FF09F1724C315D9000F2245 /* Release */,
			);
			defaultConfigurationIsVisible = 0;
			defaultConfigurationName = Release;
		};
/* End XCConfigurationList section */
	};
	rootObject = 8FF09F0624C315D9000F2245 /* Project object */;
}
